github.com/homaderaka/peersmsg v0.0.0-20230518192859-4bb32ec6f38e h1:gXeyQOzGN/XOw87dThLYsKUfHlZVpgmcKXj7LFoT9AI=
github.com/homaderaka/peersmsg v0.0.0-20230518192859-4bb32ec6f38e/go.mod h1:5e21J2nrrYGBs24rQL9mljLS65R8A1A6lZTAVkc2RFo=
github.com/homaderaka/peersmsg v0.0.0-20230521201405-dc0d2c155e13 h1:11jJsA+ZRNsIVXZJ9i+WN2uMSU44WeHEccnt35663HE=
github.com/homaderaka/peersmsg v0.0.0-20230521201405-dc0d2c155e13/go.mod h1:5e21J2nrrYGBs24rQL9mljLS65R8A1A6lZTAVkc2RFo=
